// !$*UTF8*$!
{
	archiveVersion = 1;
	classes = {
	};
	objectVersion = 55;
	objects = {

/* Begin PBXBuildFile section */
		C15432A728BABB04000611A5 /* laserSound.wav in Resources */ = {isa = PBXBuildFile; fileRef = C15432A628BABB04000611A5 /* laserSound.wav */; };
		C15432AB28C5C2AE000611A5 /* explosionShort.wav in Resources */ = {isa = PBXBuildFile; fileRef = C15432AA28C5C2AE000611A5 /* explosionShort.wav */; };
		C15432AD28C5C48F000611A5 /* THEBOLDFONT.ttf in Resources */ = {isa = PBXBuildFile; fileRef = C15432AC28C5C48F000611A5 /* THEBOLDFONT.ttf */; };
		C15432B028C645C5000611A5 /* GameOverScene.swift in Sources */ = {isa = PBXBuildFile; fileRef = C15432AF28C645C5000611A5 /* GameOverScene.swift */; };
		C15432B428C65A80000611A5 /* gameBGM.wav in Resources */ = {isa = PBXBuildFile; fileRef = C15432B328C65A80000611A5 /* gameBGM.wav */; };
		C18A0A6C28B4334100B2965A /* AppDelegate.swift in Sources */ = {isa = PBXBuildFile; fileRef = C18A0A6B28B4334100B2965A /* AppDelegate.swift */; };
		C18A0A6E28B4334100B2965A /* GameScene.sks in Resources */ = {isa = PBXBuildFile; fileRef = C18A0A6D28B4334100B2965A /* GameScene.sks */; };
		C18A0A7028B4334100B2965A /* Actions.sks in Resources */ = {isa = PBXBuildFile; fileRef = C18A0A6F28B4334100B2965A /* Actions.sks */; };
		C18A0A7228B4334100B2965A /* GameScene.swift in Sources */ = {isa = PBXBuildFile; fileRef = C18A0A7128B4334100B2965A /* GameScene.swift */; };
		C18A0A7428B4334100B2965A /* GameViewController.swift in Sources */ = {isa = PBXBuildFile; fileRef = C18A0A7328B4334100B2965A /* GameViewController.swift */; };
		C18A0A7728B4334100B2965A /* Main.storyboard in Resources */ = {isa = PBXBuildFile; fileRef = C18A0A7528B4334100B2965A /* Main.storyboard */; };
		C18A0A7928B4334300B2965A /* Assets.xcassets in Resources */ = {isa = PBXBuildFile; fileRef = C18A0A7828B4334300B2965A /* Assets.xcassets */; };
		C18A0A7C28B4334300B2965A /* LaunchScreen.storyboard in Resources */ = {isa = PBXBuildFile; fileRef = C18A0A7A28B4334300B2965A /* LaunchScreen.storyboard */; };
		C1A7408229DA6EFC00A6F9AE /* GameTitle.swift in Sources */ = {isa = PBXBuildFile; fileRef = C1A7408129DA6EFC00A6F9AE /* GameTitle.swift */; };
		C1B10001208A000100BD3501 /* GameConstants.swift in Sources */ = {isa = PBXBuildFile; fileRef = C1B10000208A000100BD3501 /* GameConstants.swift */; };
		C1B10003208A000100BD3501 /* ScoreStore.swift in Sources */ = {isa = PBXBuildFile; fileRef = C1B10002208A000100BD3501 /* ScoreStore.swift */; };
		C1B10005208A000100BD3501 /* HapticManager.swift in Sources */ = {isa = PBXBuildFile; fileRef = C1B10004208A000100BD3501 /* HapticManager.swift */; };
		C1B10007208A000100BD3501 /* SceneHelpers.swift in Sources */ = {isa = PBXBuildFile; fileRef = C1B10006208A000100BD3501 /* SceneHelpers.swift */; };
		C1B10009208A000100BD3501 /* PrivacyInfo.xcprivacy in Resources */ = {isa = PBXBuildFile; fileRef = C1B10008208A000100BD3501 /* PrivacyInfo.xcprivacy */; };
		C1B1000B208A000100BD3501 /* PlayfieldLayout.swift in Sources */ = {isa = PBXBuildFile; fileRef = C1B1000A208A000100BD3501 /* PlayfieldLayout.swift */; };
		C1B1000D208A000100BD3501 /* TextureCache.swift in Sources */ = {isa = PBXBuildFile; fileRef = C1B1000C208A000100BD3501 /* TextureCache.swift */; };
		C1B1000F208A000100BD3501 /* NodePool.swift in Sources */ = {isa = PBXBuildFile; fileRef = C1B1000E208A000100BD3501 /* NodePool.swift */; };
		C1B10011208A000100BD3501 /* UIComponents.swift in Sources */ = {isa = PBXBuildFile; fileRef = C1B10010208A000100BD3501 /* UIComponents.swift */; };
		C1B10013208A000100BD3501 /* AudioManager.swift in Sources */ = {isa = PBXBuildFile; fileRef = C1B10012208A000100BD3501 /* AudioManager.swift */; };
		C1B30001208A000100BD3501 /* FramePacing.swift in Sources */ = {isa = PBXBuildFile; fileRef = C1B30000208A000100BD3501 /* FramePacing.swift */; };
		C1B10015208A000100BD3501 /* starCollect.wav in Resources */ = {isa = PBXBuildFile; fileRef = C1B10014208A000100BD3501 /* starCollect.wav */; };
		C1B10017208A000100BD3501 /* boostActivate.wav in Resources */ = {isa = PBXBuildFile; fileRef = C1B10016208A000100BD3501 /* boostActivate.wav */; };
		C1B10019208A000100BD3501 /* lifeLost.wav in Resources */ = {isa = PBXBuildFile; fileRef = C1B10018208A000100BD3501 /* lifeLost.wav */; };
		C1B1001B208A000100BD3501 /* minePulse.wav in Resources */ = {isa = PBXBuildFile; fileRef = C1B1001A208A000100BD3501 /* minePulse.wav */; };
		C1B1001D208A000100BD3501 /* uiTap.wav in Resources */ = {isa = PBXBuildFile; fileRef = C1B1001C208A000100BD3501 /* uiTap.wav */; };
		C1B20001208A000100BD3501 /* GameRules.swift in Sources */ = {isa = PBXBuildFile; fileRef = C1B20000208A000100BD3501 /* GameRules.swift */; };
		C1B20011208A000100BD3501 /* GameRulesTests.swift in Sources */ = {isa = PBXBuildFile; fileRef = C1B20010208A000100BD3501 /* GameRulesTests.swift */; };
		C1B40011208A000100BD3501 /* ScoreStoreTests.swift in Sources */ = {isa = PBXBuildFile; fileRef = C1B40010208A000100BD3501 /* ScoreStoreTests.swift */; };
		C1B40021208A000100BD3501 /* LaunchSmokeTests.swift in Sources */ = {isa = PBXBuildFile; fileRef = C1B40020208A000100BD3501 /* LaunchSmokeTests.swift */; };
		C1B2001D208A000100BD3501 /* XCTest.framework in Frameworks */ = {isa = PBXBuildFile; fileRef = C1B2001C208A000100BD3501 /* XCTest.framework */; };
/* End PBXBuildFile section */

/* Begin PBXFileReference section */
		C15432A628BABB04000611A5 /* laserSound.wav */ = {isa = PBXFileReference; lastKnownFileType = audio.wav; path = laserSound.wav; sourceTree = "<group>"; };
		C15432AA28C5C2AE000611A5 /* explosionShort.wav */ = {isa = PBXFileReference; lastKnownFileType = audio.wav; path = explosionShort.wav; sourceTree = "<group>"; };
		C15432AC28C5C48F000611A5 /* THEBOLDFONT.ttf */ = {isa = PBXFileReference; lastKnownFileType = file; path = THEBOLDFONT.ttf; sourceTree = "<group>"; };
		C15432AE28C5C75A000611A5 /* Info.plist */ = {isa = PBXFileReference; lastKnownFileType = text.plist; path = Info.plist; sourceTree = "<group>"; };
		C15432AF28C645C5000611A5 /* GameOverScene.swift */ = {isa = PBXFileReference; lastKnownFileType = sourcecode.swift; path = GameOverScene.swift; sourceTree = "<group>"; };
		C15432B328C65A80000611A5 /* gameBGM.wav */ = {isa = PBXFileReference; lastKnownFileType = audio.wav; path = gameBGM.wav; sourceTree = "<group>"; };
		C18A0A6828B4334100B2965A /* ApolloX.app */ = {isa = PBXFileReference; explicitFileType = wrapper.application; includeInIndex = 0; path = ApolloX.app; sourceTree = BUILT_PRODUCTS_DIR; };
		C18A0A6B28B4334100B2965A /* AppDelegate.swift */ = {isa = PBXFileReference; lastKnownFileType = sourcecode.swift; path = AppDelegate.swift; sourceTree = "<group>"; };
		C18A0A6D28B4334100B2965A /* GameScene.sks */ = {isa = PBXFileReference; lastKnownFileType = file.sks; path = GameScene.sks; sourceTree = "<group>"; };
		C18A0A6F28B4334100B2965A /* Actions.sks */ = {isa = PBXFileReference; lastKnownFileType = file.sks; path = Actions.sks; sourceTree = "<group>"; };
		C18A0A7128B4334100B2965A /* GameScene.swift */ = {isa = PBXFileReference; lastKnownFileType = sourcecode.swift; path = GameScene.swift; sourceTree = "<group>"; };
		C18A0A7328B4334100B2965A /* GameViewController.swift */ = {isa = PBXFileReference; lastKnownFileType = sourcecode.swift; path = GameViewController.swift; sourceTree = "<group>"; };
		C18A0A7628B4334100B2965A /* Base */ = {isa = PBXFileReference; lastKnownFileType = file.storyboard; name = Base; path = Base.lproj/Main.storyboard; sourceTree = "<group>"; };
		C18A0A7828B4334300B2965A /* Assets.xcassets */ = {isa = PBXFileReference; lastKnownFileType = folder.assetcatalog; path = Assets.xcassets; sourceTree = "<group>"; };
		C18A0A7B28B4334300B2965A /* Base */ = {isa = PBXFileReference; lastKnownFileType = file.storyboard; name = Base; path = Base.lproj/LaunchScreen.storyboard; sourceTree = "<group>"; };
		C1A7408129DA6EFC00A6F9AE /* GameTitle.swift */ = {isa = PBXFileReference; lastKnownFileType = sourcecode.swift; path = GameTitle.swift; sourceTree = "<group>"; };
		C1B10000208A000100BD3501 /* GameConstants.swift */ = {isa = PBXFileReference; lastKnownFileType = sourcecode.swift; path = GameConstants.swift; sourceTree = "<group>"; };
		C1B10002208A000100BD3501 /* ScoreStore.swift */ = {isa = PBXFileReference; lastKnownFileType = sourcecode.swift; path = ScoreStore.swift; sourceTree = "<group>"; };
		C1B10004208A000100BD3501 /* HapticManager.swift */ = {isa = PBXFileReference; lastKnownFileType = sourcecode.swift; path = HapticManager.swift; sourceTree = "<group>"; };
		C1B10006208A000100BD3501 /* SceneHelpers.swift */ = {isa = PBXFileReference; lastKnownFileType = sourcecode.swift; path = SceneHelpers.swift; sourceTree = "<group>"; };
		C1B10008208A000100BD3501 /* PrivacyInfo.xcprivacy */ = {isa = PBXFileReference; lastKnownFileType = text.xml; path = PrivacyInfo.xcprivacy; sourceTree = "<group>"; };
		C1B1000A208A000100BD3501 /* PlayfieldLayout.swift */ = {isa = PBXFileReference; lastKnownFileType = sourcecode.swift; path = PlayfieldLayout.swift; sourceTree = "<group>"; };
		C1B1000C208A000100BD3501 /* TextureCache.swift */ = {isa = PBXFileReference; lastKnownFileType = sourcecode.swift; path = TextureCache.swift; sourceTree = "<group>"; };
		C1B1000E208A000100BD3501 /* NodePool.swift */ = {isa = PBXFileReference; lastKnownFileType = sourcecode.swift; path = NodePool.swift; sourceTree = "<group>"; };
		C1B10010208A000100BD3501 /* UIComponents.swift */ = {isa = PBXFileReference; lastKnownFileType = sourcecode.swift; path = UIComponents.swift; sourceTree = "<group>"; };

		C1B10012208A000100BD3501 /* AudioManager.swift */ = {isa = PBXFileReference; lastKnownFileType = sourcecode.swift; path = AudioManager.swift; sourceTree = "<group>"; };
		C1B30000208A000100BD3501 /* FramePacing.swift */ = {isa = PBXFileReference; lastKnownFileType = sourcecode.swift; path = FramePacing.swift; sourceTree = "<group>"; };
		C1B10014208A000100BD3501 /* starCollect.wav */ = {isa = PBXFileReference; lastKnownFileType = audio.wav; path = starCollect.wav; sourceTree = "<group>"; };
		C1B10016208A000100BD3501 /* boostActivate.wav */ = {isa = PBXFileReference; lastKnownFileType = audio.wav; path = boostActivate.wav; sourceTree = "<group>"; };
		C1B10018208A000100BD3501 /* lifeLost.wav */ = {isa = PBXFileReference; lastKnownFileType = audio.wav; path = lifeLost.wav; sourceTree = "<group>"; };
		C1B1001A208A000100BD3501 /* minePulse.wav */ = {isa = PBXFileReference; lastKnownFileType = audio.wav; path = minePulse.wav; sourceTree = "<group>"; };
		C1B1001C208A000100BD3501 /* uiTap.wav */ = {isa = PBXFileReference; lastKnownFileType = audio.wav; path = uiTap.wav; sourceTree = "<group>"; };
		C1B20000208A000100BD3501 /* GameRules.swift */ = {isa = PBXFileReference; lastKnownFileType = sourcecode.swift; path = GameRules.swift; sourceTree = "<group>"; };
		C1B20010208A000100BD3501 /* GameRulesTests.swift */ = {isa = PBXFileReference; lastKnownFileType = sourcecode.swift; path = GameRulesTests.swift; sourceTree = "<group>"; };
		C1B40010208A000100BD3501 /* ScoreStoreTests.swift */ = {isa = PBXFileReference; lastKnownFileType = sourcecode.swift; path = ScoreStoreTests.swift; sourceTree = "<group>"; };
		C1B40020208A000100BD3501 /* LaunchSmokeTests.swift */ = {isa = PBXFileReference; lastKnownFileType = sourcecode.swift; path = LaunchSmokeTests.swift; sourceTree = "<group>"; };
		C1B40022208A000100BD3501 /* ApolloXUITests.xctest */ = {isa = PBXFileReference; explicitFileType = wrapper.cfbundle; includeInIndex = 0; path = ApolloXUITests.xctest; sourceTree = BUILT_PRODUCTS_DIR; };
		C1B20012208A000100BD3501 /* ApolloXTests.xctest */ = {isa = PBXFileReference; explicitFileType = wrapper.cfbundle; includeInIndex = 0; path = ApolloXTests.xctest; sourceTree = BUILT_PRODUCTS_DIR; };
		C1B2001C208A000100BD3501 /* XCTest.framework */ = {isa = PBXFileReference; lastKnownFileType = wrapper.framework; name = XCTest.framework; path = System/Library/Frameworks/XCTest.framework; sourceTree = SDKROOT; };
/* End PBXFileReference section */

/* Begin PBXContainerItemProxy section */
		C1B20018208A000100BD3501 /* PBXContainerItemProxy */ = {
			isa = PBXContainerItemProxy;
			containerPortal = C18A0A6028B4334100B2965A /* Project object */;
			proxyType = 1;
			remoteGlobalIDString = C18A0A6728B4334100B2965A;
			remoteInfo = ApolloX;
		};
		C1B40027208A000100BD3501 /* PBXContainerItemProxy */ = {
			isa = PBXContainerItemProxy;
			containerPortal = C18A0A6028B4334100B2965A /* Project object */;
			proxyType = 1;
			remoteGlobalIDString = C18A0A6728B4334100B2965A;
			remoteInfo = ApolloX;
		};
/* End PBXContainerItemProxy section */

/* Begin PBXFrameworksBuildPhase section */
		C18A0A6528B4334100B2965A /* Frameworks */ = {
			isa = PBXFrameworksBuildPhase;
			buildActionMask = 2147483647;
			files = (
			);
			runOnlyForDeploymentPostprocessing = 0;
		};
		C1B20015208A000100BD3501 /* Frameworks */ = {
			isa = PBXFrameworksBuildPhase;
			buildActionMask = 2147483647;
			files = (
				C1B2001D208A000100BD3501 /* XCTest.framework in Frameworks */,
			);
			runOnlyForDeploymentPostprocessing = 0;
		};
		C1B40025208A000100BD3501 /* Frameworks */ = {
			isa = PBXFrameworksBuildPhase;
			buildActionMask = 2147483647;
			files = (
			);
			runOnlyForDeploymentPostprocessing = 0;
		};
/* End PBXFrameworksBuildPhase section */

/* Begin PBXGroup section */
		C18A0A5F28B4334100B2965A = {
			isa = PBXGroup;
			children = (
				C18A0A6A28B4334100B2965A /* ApolloX */,
				C1B2001E208A000100BD3501 /* ApolloXTests */,
				C1B40029208A000100BD3501 /* ApolloXUITests */,
				C18A0A6928B4334100B2965A /* Products */,
			);
			sourceTree = "<group>";
		};
		C1B2001E208A000100BD3501 /* ApolloXTests */ = {
			isa = PBXGroup;
			children = (
				C1B20010208A000100BD3501 /* GameRulesTests.swift */,
				C1B40010208A000100BD3501 /* ScoreStoreTests.swift */,
			);
			path = ApolloXTests;
			sourceTree = "<group>";
		};
		C1B40029208A000100BD3501 /* ApolloXUITests */ = {
			isa = PBXGroup;
			children = (
				C1B40020208A000100BD3501 /* LaunchSmokeTests.swift */,
			);
			path = ApolloXUITests;
			sourceTree = "<group>";
		};
		C18A0A6928B4334100B2965A /* Products */ = {
			isa = PBXGroup;
			children = (
				C18A0A6828B4334100B2965A /* ApolloX.app */,
				C1B20012208A000100BD3501 /* ApolloXTests.xctest */,
				C1B40022208A000100BD3501 /* ApolloXUITests.xctest */,
			);
			name = Products;
			sourceTree = "<group>";
		};
		C18A0A6A28B4334100B2965A /* ApolloX */ = {
			isa = PBXGroup;
			children = (
				C15432AE28C5C75A000611A5 /* Info.plist */,
				C1B10008208A000100BD3501 /* PrivacyInfo.xcprivacy */,
				C18A0A6B28B4334100B2965A /* AppDelegate.swift */,
				C18A0A6D28B4334100B2965A /* GameScene.sks */,
				C18A0A6F28B4334100B2965A /* Actions.sks */,
				C15432B328C65A80000611A5 /* gameBGM.wav */,
				C15432A628BABB04000611A5 /* laserSound.wav */,
				C15432AA28C5C2AE000611A5 /* explosionShort.wav */,
				C1B10014208A000100BD3501 /* starCollect.wav */,
				C1B10016208A000100BD3501 /* boostActivate.wav */,
				C1B10018208A000100BD3501 /* lifeLost.wav */,
				C1B1001A208A000100BD3501 /* minePulse.wav */,
				C1B1001C208A000100BD3501 /* uiTap.wav */,
				C15432AC28C5C48F000611A5 /* THEBOLDFONT.ttf */,
				C1B10000208A000100BD3501 /* GameConstants.swift */,
				C1B20000208A000100BD3501 /* GameRules.swift */,
				C1B10002208A000100BD3501 /* ScoreStore.swift */,
				C1B10004208A000100BD3501 /* HapticManager.swift */,
				C1B10012208A000100BD3501 /* AudioManager.swift */,
				C1B30000208A000100BD3501 /* FramePacing.swift */,
				C1B10006208A000100BD3501 /* SceneHelpers.swift */,
				C1B1000A208A000100BD3501 /* PlayfieldLayout.swift */,
				C1B1000C208A000100BD3501 /* TextureCache.swift */,
				C1B1000E208A000100BD3501 /* NodePool.swift */,
				C1B10010208A000100BD3501 /* UIComponents.swift */,
				C18A0A7128B4334100B2965A /* GameScene.swift */,
				C1A7408129DA6EFC00A6F9AE /* GameTitle.swift */,
				C15432AF28C645C5000611A5 /* GameOverScene.swift */,
				C18A0A7328B4334100B2965A /* GameViewController.swift */,
				C18A0A7528B4334100B2965A /* Main.storyboard */,
				C18A0A7828B4334300B2965A /* Assets.xcassets */,
				C18A0A7A28B4334300B2965A /* LaunchScreen.storyboard */,
			);
			path = ApolloX;
			sourceTree = "<group>";
		};
/* End PBXGroup section */

/* Begin PBXNativeTarget section */
		C18A0A6728B4334100B2965A /* ApolloX */ = {
			isa = PBXNativeTarget;
			buildConfigurationList = C18A0A7F28B4334300B2965A /* Build configuration list for PBXNativeTarget "ApolloX" */;
			buildPhases = (
				C18A0A6428B4334100B2965A /* Sources */,
				C18A0A6528B4334100B2965A /* Frameworks */,
				C18A0A6628B4334100B2965A /* Resources */,
			);
			buildRules = (
			);
			dependencies = (
			);
			name = ApolloX;
			productName = ApolloX;
			productReference = C18A0A6828B4334100B2965A /* ApolloX.app */;
			productType = "com.apple.product-type.application";
		};
		C1B20013208A000100BD3501 /* ApolloXTests */ = {
			isa = PBXNativeTarget;
			buildConfigurationList = C1B20019208A000100BD3501 /* Build configuration list for PBXNativeTarget "ApolloXTests" */;
			buildPhases = (
				C1B20014208A000100BD3501 /* Sources */,
				C1B20015208A000100BD3501 /* Frameworks */,
				C1B20016208A000100BD3501 /* Resources */,
			);
			buildRules = (
			);
			dependencies = (
				C1B20017208A000100BD3501 /* PBXTargetDependency */,
			);
			name = ApolloXTests;
			productName = ApolloXTests;
			productReference = C1B20012208A000100BD3501 /* ApolloXTests.xctest */;
			productType = "com.apple.product-type.bundle.unit-test";
		};
		C1B40023208A000100BD3501 /* ApolloXUITests */ = {
			isa = PBXNativeTarget;
			buildConfigurationList = C1B4002C208A000100BD3501 /* Build configuration list for PBXNativeTarget "ApolloXUITests" */;
			buildPhases = (
				C1B40024208A000100BD3501 /* Sources */,
				C1B40025208A000100BD3501 /* Frameworks */,
				C1B40026208A000100BD3501 /* Resources */,
			);
			buildRules = (
			);
			dependencies = (
				C1B40028208A000100BD3501 /* PBXTargetDependency */,
			);
			name = ApolloXUITests;
			productName = ApolloXUITests;
			productReference = C1B40022208A000100BD3501 /* ApolloXUITests.xctest */;
			productType = "com.apple.product-type.bundle.ui-testing";
		};
/* End PBXNativeTarget section */

/* Begin PBXProject section */
		C18A0A6028B4334100B2965A /* Project object */ = {
			isa = PBXProject;
			attributes = {
				BuildIndependentTargetsInParallel = 1;
				LastSwiftUpdateCheck = 1340;
				LastUpgradeCheck = 1340;
				TargetAttributes = {
					C18A0A6728B4334100B2965A = {
						CreatedOnToolsVersion = 13.4.1;
					};
					C1B20013208A000100BD3501 = {
						CreatedOnToolsVersion = 13.4.1;
						TestTargetID = C18A0A6728B4334100B2965A;
					};
					C1B40023208A000100BD3501 = {
						CreatedOnToolsVersion = 16.0;
						TestTargetID = C18A0A6728B4334100B2965A;
					};
				};
			};
			buildConfigurationList = C18A0A6328B4334100B2965A /* Build configuration list for PBXProject "ApolloX" */;
			compatibilityVersion = "Xcode 13.0";
			developmentRegion = en;
			hasScannedForEncodings = 0;
			knownRegions = (
				en,
				Base,
			);
			mainGroup = C18A0A5F28B4334100B2965A;
			productRefGroup = C18A0A6928B4334100B2965A /* Products */;
			projectDirPath = "";
			projectRoot = "";
			targets = (
				C18A0A6728B4334100B2965A /* ApolloX */,
				C1B20013208A000100BD3501 /* ApolloXTests */,
				C1B40023208A000100BD3501 /* ApolloXUITests */,
			);
		};
/* End PBXProject section */

/* Begin PBXResourcesBuildPhase section */
		C18A0A6628B4334100B2965A /* Resources */ = {
			isa = PBXResourcesBuildPhase;
			buildActionMask = 2147483647;
			files = (
				C15432A728BABB04000611A5 /* laserSound.wav in Resources */,
				C15432AB28C5C2AE000611A5 /* explosionShort.wav in Resources */,
				C18A0A7728B4334100B2965A /* Main.storyboard in Resources */,
				C18A0A6E28B4334100B2965A /* GameScene.sks in Resources */,
				C15432AD28C5C48F000611A5 /* THEBOLDFONT.ttf in Resources */,
				C18A0A7928B4334300B2965A /* Assets.xcassets in Resources */,
				C18A0A7C28B4334300B2965A /* LaunchScreen.storyboard in Resources */,
				C18A0A7028B4334100B2965A /* Actions.sks in Resources */,
				C15432B428C65A80000611A5 /* gameBGM.wav in Resources */,
				C1B10015208A000100BD3501 /* starCollect.wav in Resources */,
				C1B10017208A000100BD3501 /* boostActivate.wav in Resources */,
				C1B10019208A000100BD3501 /* lifeLost.wav in Resources */,
				C1B1001B208A000100BD3501 /* minePulse.wav in Resources */,
				C1B1001D208A000100BD3501 /* uiTap.wav in Resources */,

				C1B10009208A000100BD3501 /* PrivacyInfo.xcprivacy in Resources */,
			);
			runOnlyForDeploymentPostprocessing = 0;
		};
		C1B20016208A000100BD3501 /* Resources */ = {
			isa = PBXResourcesBuildPhase;
			buildActionMask = 2147483647;
			files = (
			);
			runOnlyForDeploymentPostprocessing = 0;
		};
		C1B40026208A000100BD3501 /* Resources */ = {
			isa = PBXResourcesBuildPhase;
			buildActionMask = 2147483647;
			files = (
			);
			runOnlyForDeploymentPostprocessing = 0;
		};
/* End PBXResourcesBuildPhase section */

/* Begin PBXSourcesBuildPhase section */
		C18A0A6428B4334100B2965A /* Sources */ = {
			isa = PBXSourcesBuildPhase;
			buildActionMask = 2147483647;
			files = (
				C1B10001208A000100BD3501 /* GameConstants.swift in Sources */,
				C1B20001208A000100BD3501 /* GameRules.swift in Sources */,
				C1B10003208A000100BD3501 /* ScoreStore.swift in Sources */,
				C1B10005208A000100BD3501 /* HapticManager.swift in Sources */,
				C1B10007208A000100BD3501 /* SceneHelpers.swift in Sources */,
				C1B1000B208A000100BD3501 /* PlayfieldLayout.swift in Sources */,
				C1B1000D208A000100BD3501 /* TextureCache.swift in Sources */,
				C1B1000F208A000100BD3501 /* NodePool.swift in Sources */,
				C1B10011208A000100BD3501 /* UIComponents.swift in Sources */,
				C1B10013208A000100BD3501 /* AudioManager.swift in Sources */,
				C1B30001208A000100BD3501 /* FramePacing.swift in Sources */,
				C1A7408229DA6EFC00A6F9AE /* GameTitle.swift in Sources */,
				C18A0A7228B4334100B2965A /* GameScene.swift in Sources */,
				C18A0A7428B4334100B2965A /* GameViewController.swift in Sources */,
				C15432B028C645C5000611A5 /* GameOverScene.swift in Sources */,
				C18A0A6C28B4334100B2965A /* AppDelegate.swift in Sources */,
			);
			runOnlyForDeploymentPostprocessing = 0;
		};
		C1B20014208A000100BD3501 /* Sources */ = {
			isa = PBXSourcesBuildPhase;
			buildActionMask = 2147483647;
			files = (
				C1B20011208A000100BD3501 /* GameRulesTests.swift in Sources */,
				C1B40011208A000100BD3501 /* ScoreStoreTests.swift in Sources */,
			);
			runOnlyForDeploymentPostprocessing = 0;
		};
		C1B40024208A000100BD3501 /* Sources */ = {
			isa = PBXSourcesBuildPhase;
			buildActionMask = 2147483647;
			files = (
				C1B40021208A000100BD3501 /* LaunchSmokeTests.swift in Sources */,
			);
			runOnlyForDeploymentPostprocessing = 0;
		};
/* End PBXSourcesBuildPhase section */

/* Begin PBXTargetDependency section */
		C1B20017208A000100BD3501 /* PBXTargetDependency */ = {
			isa = PBXTargetDependency;
			target = C18A0A6728B4334100B2965A /* ApolloX */;
			targetProxy = C1B20018208A000100BD3501 /* PBXContainerItemProxy */;
		};
		C1B40028208A000100BD3501 /* PBXTargetDependency */ = {
			isa = PBXTargetDependency;
			target = C18A0A6728B4334100B2965A /* ApolloX */;
			targetProxy = C1B40027208A000100BD3501 /* PBXContainerItemProxy */;
		};
/* End PBXTargetDependency section */

/* Begin PBXVariantGroup section */
		C18A0A7528B4334100B2965A /* Main.storyboard */ = {
			isa = PBXVariantGroup;
			children = (
				C18A0A7628B4334100B2965A /* Base */,
			);
			name = Main.storyboard;
			sourceTree = "<group>";
		};
		C18A0A7A28B4334300B2965A /* LaunchScreen.storyboard */ = {
			isa = PBXVariantGroup;
			children = (
				C18A0A7B28B4334300B2965A /* Base */,
			);
			name = LaunchScreen.storyboard;
			sourceTree = "<group>";
		};
/* End PBXVariantGroup section */

/* Begin XCBuildConfiguration section */
		C18A0A7D28B4334300B2965A /* Debug */ = {
			isa = XCBuildConfiguration;
			buildSettings = {
				ALWAYS_SEARCH_USER_PATHS = NO;
				CLANG_ANALYZER_NONNULL = YES;
				CLANG_ANALYZER_NUMBER_OBJECT_CONVERSION = YES_AGGRESSIVE;
				CLANG_CXX_LANGUAGE_STANDARD = "gnu++17";
				CLANG_ENABLE_MODULES = YES;
				CLANG_ENABLE_OBJC_ARC = YES;
				CLANG_ENABLE_OBJC_WEAK = YES;
				CLANG_WARN_BLOCK_CAPTURE_AUTORELEASING = YES;
				CLANG_WARN_BOOL_CONVERSION = YES;
				CLANG_WARN_COMMA = YES;
				CLANG_WARN_CONSTANT_CONVERSION = YES;
				CLANG_WARN_DEPRECATED_OBJC_IMPLEMENTATIONS = YES;
				CLANG_WARN_DIRECT_OBJC_ISA_USAGE = YES_ERROR;
				CLANG_WARN_DOCUMENTATION_COMMENTS = YES;
				CLANG_WARN_EMPTY_BODY = YES;
				CLANG_WARN_ENUM_CONVERSION = YES;
				CLANG_WARN_INFINITE_RECURSION = YES;
				CLANG_WARN_INT_CONVERSION = YES;
				CLANG_WARN_NON_LITERAL_NULL_CONVERSION = YES;
				CLANG_WARN_OBJC_IMPLICIT_RETAIN_SELF = YES;
				CLANG_WARN_OBJC_LITERAL_CONVERSION = YES;
				CLANG_WARN_OBJC_ROOT_CLASS = YES_ERROR;
				CLANG_WARN_QUOTED_INCLUDE_IN_FRAMEWORK_HEADER = YES;
				CLANG_WARN_RANGE_LOOP_ANALYSIS = YES;
				CLANG_WARN_STRICT_PROTOTYPES = YES;
				CLANG_WARN_SUSPICIOUS_MOVE = YES;
				CLANG_WARN_UNGUARDED_AVAILABILITY = YES_AGGRESSIVE;
				CLANG_WARN_UNREACHABLE_CODE = YES;
				CLANG_WARN__DUPLICATE_METHOD_MATCH = YES;
				COPY_PHASE_STRIP = NO;
				DEBUG_INFORMATION_FORMAT = dwarf;
				ENABLE_STRICT_OBJC_MSGSEND = YES;
				ENABLE_TESTABILITY = YES;
				GCC_C_LANGUAGE_STANDARD = gnu11;
				GCC_DYNAMIC_NO_PIC = NO;
				GCC_NO_COMMON_BLOCKS = YES;
				GCC_OPTIMIZATION_LEVEL = 0;
				GCC_PREPROCESSOR_DEFINITIONS = (
					"DEBUG=1",
					"$(inherited)",
				);
				GCC_WARN_64_TO_32_BIT_CONVERSION = YES;
				GCC_WARN_ABOUT_RETURN_TYPE = YES_ERROR;
				GCC_WARN_UNDECLARED_SELECTOR = YES;
				GCC_WARN_UNINITIALIZED_AUTOS = YES_AGGRESSIVE;
				GCC_WARN_UNUSED_FUNCTION = YES;
				GCC_WARN_UNUSED_VARIABLE = YES;
				IPHONEOS_DEPLOYMENT_TARGET = 16.0;
				MTL_ENABLE_DEBUG_INFO = INCLUDE_SOURCE;
				MTL_FAST_MATH = YES;
				ONLY_ACTIVE_ARCH = YES;
				SDKROOT = iphoneos;
				SWIFT_ACTIVE_COMPILATION_CONDITIONS = DEBUG;
				SWIFT_OPTIMIZATION_LEVEL = "-Onone";
			};
			name = Debug;
		};
		C18A0A7E28B4334300B2965A /* Release */ = {
			isa = XCBuildConfiguration;
			buildSettings = {
				ALWAYS_SEARCH_USER_PATHS = NO;
				CLANG_ANALYZER_NONNULL = YES;
				CLANG_ANALYZER_NUMBER_OBJECT_CONVERSION = YES_AGGRESSIVE;
				CLANG_CXX_LANGUAGE_STANDARD = "gnu++17";
				CLANG_ENABLE_MODULES = YES;
				CLANG_ENABLE_OBJC_ARC = YES;
				CLANG_ENABLE_OBJC_WEAK = YES;
				CLANG_WARN_BLOCK_CAPTURE_AUTORELEASING = YES;
				CLANG_WARN_BOOL_CONVERSION = YES;
				CLANG_WARN_COMMA = YES;
				CLANG_WARN_CONSTANT_CONVERSION = YES;
				CLANG_WARN_DEPRECATED_OBJC_IMPLEMENTATIONS = YES;
				CLANG_WARN_DIRECT_OBJC_ISA_USAGE = YES_ERROR;
				CLANG_WARN_DOCUMENTATION_COMMENTS = YES;
				CLANG_WARN_EMPTY_BODY = YES;
				CLANG_WARN_ENUM_CONVERSION = YES;
				CLANG_WARN_INFINITE_RECURSION = YES;
				CLANG_WARN_INT_CONVERSION = YES;
				CLANG_WARN_NON_LITERAL_NULL_CONVERSION = YES;
				CLANG_WARN_OBJC_IMPLICIT_RETAIN_SELF = YES;
				CLANG_WARN_OBJC_LITERAL_CONVERSION = YES;
				CLANG_WARN_OBJC_ROOT_CLASS = YES_ERROR;
				CLANG_WARN_QUOTED_INCLUDE_IN_FRAMEWORK_HEADER = YES;
				CLANG_WARN_RANGE_LOOP_ANALYSIS = YES;
				CLANG_WARN_STRICT_PROTOTYPES = YES;
				CLANG_WARN_SUSPICIOUS_MOVE = YES;
				CLANG_WARN_UNGUARDED_AVAILABILITY = YES_AGGRESSIVE;
				CLANG_WARN_UNREACHABLE_CODE = YES;
				CLANG_WARN__DUPLICATE_METHOD_MATCH = YES;
				COPY_PHASE_STRIP = NO;
				DEBUG_INFORMATION_FORMAT = "dwarf-with-dsym";
				ENABLE_NS_ASSERTIONS = NO;
				ENABLE_STRICT_OBJC_MSGSEND = YES;
				GCC_C_LANGUAGE_STANDARD = gnu11;
				GCC_NO_COMMON_BLOCKS = YES;
				GCC_WARN_64_TO_32_BIT_CONVERSION = YES;
				GCC_WARN_ABOUT_RETURN_TYPE = YES_ERROR;
				GCC_WARN_UNDECLARED_SELECTOR = YES;
				GCC_WARN_UNINITIALIZED_AUTOS = YES_AGGRESSIVE;
				GCC_WARN_UNUSED_FUNCTION = YES;
				GCC_WARN_UNUSED_VARIABLE = YES;
				IPHONEOS_DEPLOYMENT_TARGET = 16.0;
				MTL_ENABLE_DEBUG_INFO = NO;
				MTL_FAST_MATH = YES;
				SDKROOT = iphoneos;
				SWIFT_COMPILATION_MODE = wholemodule;
				SWIFT_OPTIMIZATION_LEVEL = "-O";
				VALIDATE_PRODUCT = YES;
			};
			name = Release;
		};
		C18A0A8028B4334300B2965A /* Debug */ = {
			isa = XCBuildConfiguration;
			buildSettings = {
				ASSETCATALOG_COMPILER_APPICON_NAME = AppIcon;
				ASSETCATALOG_COMPILER_GLOBAL_ACCENT_COLOR_NAME = AccentColor;
				CODE_SIGN_STYLE = Automatic;
				CURRENT_PROJECT_VERSION = 1;
				DEVELOPMENT_TEAM = 2YJ478267N;
				GENERATE_INFOPLIST_FILE = YES;
				INFOPLIST_FILE = ApolloX/Info.plist;
				INFOPLIST_KEY_CFBundleDisplayName = ApolloX;
				INFOPLIST_KEY_LSApplicationCategoryType = "public.app-category.games";
				INFOPLIST_KEY_UIApplicationSupportsIndirectInputEvents = YES;
				INFOPLIST_KEY_CADisableMinimumFrameDurationOnPhone = YES;
				INFOPLIST_KEY_UILaunchStoryboardName = LaunchScreen;
				INFOPLIST_KEY_UIMainStoryboardFile = Main;
				INFOPLIST_KEY_UIRequiresFullScreen = YES;
				INFOPLIST_KEY_UIStatusBarHidden = YES;
				INFOPLIST_KEY_UISupportedInterfaceOrientations = UIInterfaceOrientationPortrait;
				INFOPLIST_KEY_UISupportedInterfaceOrientations_iPad = "UIInterfaceOrientationPortrait UIInterfaceOrientationPortraitUpsideDown";
				INFOPLIST_KEY_UISupportedInterfaceOrientations_iPhone = UIInterfaceOrientationPortrait;
				IPHONEOS_DEPLOYMENT_TARGET = 16.0;
				LD_RUNPATH_SEARCH_PATHS = (
					"$(inherited)",
					"@executable_path/Frameworks",
				);
				MARKETING_VERSION = 1.0.1;
				PRODUCT_BUNDLE_IDENTIFIER = com.mayooran.ApolloX;
				PRODUCT_NAME = "$(TARGET_NAME)";
				SUPPORTED_PLATFORMS = "iphoneos iphonesimulator";
				SUPPORTS_MACCATALYST = NO;
				SWIFT_EMIT_LOC_STRINGS = YES;
				SWIFT_VERSION = 5.0;
				TARGETED_DEVICE_FAMILY = 1;
			};
			name = Debug;
		};
		C18A0A8128B4334300B2965A /* Release */ = {
			isa = XCBuildConfiguration;
			buildSettings = {
				ASSETCATALOG_COMPILER_APPICON_NAME = AppIcon;
				ASSETCATALOG_COMPILER_GLOBAL_ACCENT_COLOR_NAME = AccentColor;
				CODE_SIGN_STYLE = Automatic;
				CURRENT_PROJECT_VERSION = 1;
				DEVELOPMENT_TEAM = 2YJ478267N;
				GENERATE_INFOPLIST_FILE = YES;
				INFOPLIST_FILE = ApolloX/Info.plist;
				INFOPLIST_KEY_CFBundleDisplayName = ApolloX;
				INFOPLIST_KEY_LSApplicationCategoryType = "public.app-category.games";
				INFOPLIST_KEY_UIApplicationSupportsIndirectInputEvents = YES;
				INFOPLIST_KEY_CADisableMinimumFrameDurationOnPhone = YES;
				INFOPLIST_KEY_UILaunchStoryboardName = LaunchScreen;
				INFOPLIST_KEY_UIMainStoryboardFile = Main;
				INFOPLIST_KEY_UIRequiresFullScreen = YES;
				INFOPLIST_KEY_UIStatusBarHidden = YES;
				INFOPLIST_KEY_UISupportedInterfaceOrientations = UIInterfaceOrientationPortrait;
				INFOPLIST_KEY_UISupportedInterfaceOrientations_iPad = "UIInterfaceOrientationPortrait UIInterfaceOrientationPortraitUpsideDown";
				INFOPLIST_KEY_UISupportedInterfaceOrientations_iPhone = UIInterfaceOrientationPortrait;
				IPHONEOS_DEPLOYMENT_TARGET = 16.0;
				LD_RUNPATH_SEARCH_PATHS = (
					"$(inherited)",
					"@executable_path/Frameworks",
				);
				MARKETING_VERSION = 1.0.1;
				PRODUCT_BUNDLE_IDENTIFIER = com.mayooran.ApolloX;
				PRODUCT_NAME = "$(TARGET_NAME)";
				SUPPORTED_PLATFORMS = "iphoneos iphonesimulator";
				SUPPORTS_MACCATALYST = NO;
				SWIFT_EMIT_LOC_STRINGS = YES;
				SWIFT_VERSION = 5.0;
				TARGETED_DEVICE_FAMILY = 1;
			};
			name = Release;
		};
		C1B2001A208A000100BD3501 /* Debug */ = {
			isa = XCBuildConfiguration;
			buildSettings = {
				BUNDLE_LOADER = "$(TEST_HOST)";
				CODE_SIGN_STYLE = Automatic;
				CURRENT_PROJECT_VERSION = 1;
				DEVELOPMENT_TEAM = 2YJ478267N;
				GENERATE_INFOPLIST_FILE = YES;
				IPHONEOS_DEPLOYMENT_TARGET = 16.0;
				MARKETING_VERSION = 1.0.1;
				PRODUCT_BUNDLE_IDENTIFIER = com.mayooran.ApolloXTests;
				PRODUCT_NAME = "$(TARGET_NAME)";
				SUPPORTED_PLATFORMS = "iphoneos iphonesimulator";
				SWIFT_EMIT_LOC_STRINGS = NO;
				SWIFT_VERSION = 5.0;
				TARGETED_DEVICE_FAMILY = 1;
				TEST_HOST = "$(BUILT_PRODUCTS_DIR)/ApolloX.app/ApolloX";
			};
			name = Debug;
		};
		C1B2001B208A000100BD3501 /* Release */ = {
			isa = XCBuildConfiguration;
			buildSettings = {
				BUNDLE_LOADER = "$(TEST_HOST)";
				CODE_SIGN_STYLE = Automatic;
				CURRENT_PROJECT_VERSION = 1;
				DEVELOPMENT_TEAM = 2YJ478267N;
				GENERATE_INFOPLIST_FILE = YES;
				IPHONEOS_DEPLOYMENT_TARGET = 16.0;
				MARKETING_VERSION = 1.0.1;
				PRODUCT_BUNDLE_IDENTIFIER = com.mayooran.ApolloXTests;
				PRODUCT_NAME = "$(TARGET_NAME)";
				SUPPORTED_PLATFORMS = "iphoneos iphonesimulator";
				SWIFT_EMIT_LOC_STRINGS = NO;
				SWIFT_VERSION = 5.0;
				TARGETED_DEVICE_FAMILY = 1;
				TEST_HOST = "$(BUILT_PRODUCTS_DIR)/ApolloX.app/ApolloX";
			};
			name = Release;
		};
		C1B4002A208A000100BD3501 /* Debug */ = {
			isa = XCBuildConfiguration;
			buildSettings = {
				CODE_SIGN_STYLE = Automatic;
				CURRENT_PROJECT_VERSION = 1;
				DEVELOPMENT_TEAM = 2YJ478267N;
				GENERATE_INFOPLIST_FILE = YES;
				IPHONEOS_DEPLOYMENT_TARGET = 16.0;
				MARKETING_VERSION = 1.0.1;
				PRODUCT_BUNDLE_IDENTIFIER = com.mayooran.ApolloXUITests;
				PRODUCT_NAME = "$(TARGET_NAME)";
				SUPPORTED_PLATFORMS = "iphoneos iphonesimulator";
				SWIFT_EMIT_LOC_STRINGS = NO;
				SWIFT_VERSION = 5.0;
				TARGETED_DEVICE_FAMILY = 1;
				TEST_TARGET_NAME = ApolloX;
			};
			name = Debug;
		};
		C1B4002B208A000100BD3501 /* Release */ = {
			isa = XCBuildConfiguration;
			buildSettings = {
				CODE_SIGN_STYLE = Automatic;
				CURRENT_PROJECT_VERSION = 1;
				DEVELOPMENT_TEAM = 2YJ478267N;
				GENERATE_INFOPLIST_FILE = YES;
				IPHONEOS_DEPLOYMENT_TARGET = 16.0;
				MARKETING_VERSION = 1.0.1;
				PRODUCT_BUNDLE_IDENTIFIER = com.mayooran.ApolloXUITests;
				PRODUCT_NAME = "$(TARGET_NAME)";
				SUPPORTED_PLATFORMS = "iphoneos iphonesimulator";
				SWIFT_EMIT_LOC_STRINGS = NO;
				SWIFT_VERSION = 5.0;
				TARGETED_DEVICE_FAMILY = 1;
				TEST_TARGET_NAME = ApolloX;
			};
			name = Release;
		};
/* End XCBuildConfiguration section */

/* Begin XCConfigurationList section */
		C18A0A6328B4334100B2965A /* Build configuration list for PBXProject "ApolloX" */ = {
			isa = XCConfigurationList;
			buildConfigurations = (
				C18A0A7D28B4334300B2965A /* Debug */,
				C18A0A7E28B4334300B2965A /* Release */,
			);
			defaultConfigurationIsVisible = 0;
			defaultConfigurationName = Release;
		};
		C18A0A7F28B4334300B2965A /* Build configuration list for PBXNativeTarget "ApolloX" */ = {
			isa = XCConfigurationList;
			buildConfigurations = (
				C18A0A8028B4334300B2965A /* Debug */,
				C18A0A8128B4334300B2965A /* Release */,
			);
			defaultConfigurationIsVisible = 0;
			defaultConfigurationName = Release;
		};
		C1B20019208A000100BD3501 /* Build configuration list for PBXNativeTarget "ApolloXTests" */ = {
			isa = XCConfigurationList;
			buildConfigurations = (
				C1B2001A208A000100BD3501 /* Debug */,
				C1B2001B208A000100BD3501 /* Release */,
			);
			defaultConfigurationIsVisible = 0;
			defaultConfigurationName = Release;
		};
		C1B4002C208A000100BD3501 /* Build configuration list for PBXNativeTarget "ApolloXUITests" */ = {
			isa = XCConfigurationList;
			buildConfigurations = (
				C1B4002A208A000100BD3501 /* Debug */,
				C1B4002B208A000100BD3501 /* Release */,
			);
			defaultConfigurationIsVisible = 0;
			defaultConfigurationName = Release;
		};
/* End XCConfigurationList section */
	};
	rootObject = C18A0A6028B4334100B2965A /* Project object */;
}
